
Microsoft Visual Studio Solution File, Format Version 12.00
Project("{FAE04EC0-301F-11D3-BF4B-00C04F79EFBC}") = "TimescaleApi", "TimescaleApi\TimescaleApi.csproj", "{0872DF9D-F183-4900-9E05-435FCC8C508B}"
EndProject
Global
	GlobalSection(SolutionConfigurationPlatforms) = preSolution
		Debug|Any CPU = Debug|Any CPU
		Release|Any CPU = Release|Any CPU
	EndGlobalSection
	GlobalSection(ProjectConfigurationPlatforms) = postSolution
		{0872DF9D-F183-4900-9E05-435FCC8C508B}.Debug|Any CPU.ActiveCfg = Debug|Any CPU
		{0872DF9D-F183-4900-9E05-435FCC8C508B}.Debug|Any CPU.Build.0 = Debug|Any CPU
		{0872DF9D-F183-4900-9E05-435FCC8C508B}.Release|Any CPU.ActiveCfg = Release|Any CPU
		{0872DF9D-F183-4900-9E05-435FCC8C508B}.Release|Any CPU.Build.0 = Release|Any CPU
	EndGlobalSection
EndGlobal
